
Microsoft Visual Studio Solution File, Format Version 12.00
# Visual Studio Version 17
VisualStudioVersion = 17.2.32630.192
MinimumVisualStudioVersion = 10.0.40219.1
Project("{9A19103F-16F7-4668-BE54-9A1E7A4F7556}") = "Finans", "Finans\Finans.csproj", "{27AF0C52-E407-439E-ADA4-8E542FE77CB2}"
EndProject
Project("{9A19103F-16F7-4668-BE54-9A1E7A4F7556}") = "UsuariosAPI", "UsuariosAPI\UsuariosAPI.csproj", "{538D9349-8D16-452A-AC07-EED181A03FBD}"
EndProject
Global
	GlobalSection(SolutionConfigurationPlatforms) = preSolution
		Debug|Any CPU = Debug|Any CPU
		Release|Any CPU = Release|Any CPU
	EndGlobalSection
	GlobalSection(ProjectConfigurationPlatforms) = postSolution
		{27AF0C52-E407-439E-ADA4-8E542FE77CB2}.Debug|Any CPU.ActiveCfg = Debug|Any CPU
		{27AF0C52-E407-439E-ADA4-8E542FE77CB2}.Debug|Any CPU.Build.0 = Debug|Any CPU
		{27AF0C52-E407-439E-ADA4-8E542FE77CB2}.Release|Any CPU.ActiveCfg = Release|Any CPU
		{27AF0C52-E407-439E-ADA4-8E542FE77CB2}.Release|Any CPU.Build.0 = Release|Any CPU
		{538D9349-8D16-452A-AC07-EED181A03FBD}.Debug|Any CPU.ActiveCfg = Debug|Any CPU
		{538D9349-8D16-452A-AC07-EED181A03FBD}.Debug|Any CPU.Build.0 = Debug|Any CPU
		{538D9349-8D16-452A-AC07-EED181A03FBD}.Release|Any CPU.ActiveCfg = Release|Any CPU
		{538D9349-8D16-452A-AC07-EED181A03FBD}.Release|Any CPU.Build.0 = Release|Any CPU
	EndGlobalSection
	GlobalSection(SolutionProperties) = preSolution
		HideSolutionNode = FALSE
	EndGlobalSection
	GlobalSection(ExtensibilityGlobals) = postSolution
		SolutionGuid = {DA84125C-4B1A-40D5-83E2-FF4C0B3CDAE7}
	EndGlobalSection
EndGlobal
